
Microsoft Visual Studio Solution File, Format Version 12.00
# Visual Studio 15
VisualStudioVersion = 15.0.27703.2035
MinimumVisualStudioVersion = 10.0.40219.1
Project("{FAE04EC0-301F-11D3-BF4B-00C04F79EFBC}") = "AulaExemploVS", "AulaExemploVS\AulaExemploVS.csproj", "{02E3843F-7B2C-4647-BD9D-860A8890B26D}"
EndProject
Global
	GlobalSection(SolutionConfigurationPlatforms) = preSolution
		Debug|Any CPU = Debug|Any CPU
		Release|Any CPU = Release|Any CPU
	EndGlobalSection
	GlobalSection(ProjectConfigurationPlatforms) = postSolution
		{02E3843F-7B2C-4647-BD9D-860A8890B26D}.Debug|Any CPU.ActiveCfg = Debug|Any CPU
		{02E3843F-7B2C-4647-BD9D-860A8890B26D}.Debug|Any CPU.Build.0 = Debug|Any CPU
		{02E3843F-7B2C-4647-BD9D-860A8890B26D}.Release|Any CPU.ActiveCfg = Release|Any CPU
		{02E3843F-7B2C-4647-BD9D-860A8890B26D}.Release|Any CPU.Build.0 = Release|Any CPU
	EndGlobalSection
	GlobalSection(SolutionProperties) = preSolution
		HideSolutionNode = FALSE
	EndGlobalSection
	GlobalSection(ExtensibilityGlobals) = postSolution
		SolutionGuid = {40F55D77-FF66-42B2-8D83-90FEDB4E209A}
	EndGlobalSection
EndGlobal
